
Microsoft Visual Studio Solution File, Format Version 12.00
# Visual Studio Version 17
Project("{8BC9CEB8-8B4A-11D0-8D11-00A0C91BC942}") = "ALL_BUILD", "ALL_BUILD.vcxproj", "{8CD700BF-8070-33D5-A627-E75B671648EF}"
	ProjectSection(ProjectDependencies) = postProject
		{7F02CDBC-261A-36FF-A545-C5BD4D00DF58} = {7F02CDBC-261A-36FF-A545-C5BD4D00DF58}
		{CB1933DD-B43B-3015-8E59-02774B31E15C} = {CB1933DD-B43B-3015-8E59-02774B31E15C}
	EndProjectSection
EndProject
Project("{8BC9CEB8-8B4A-11D0-8D11-00A0C91BC942}") = "ZERO_CHECK", "ZERO_CHECK.vcxproj", "{7F02CDBC-261A-36FF-A545-C5BD4D00DF58}"
	ProjectSection(ProjectDependencies) = postProject
	EndProjectSection
EndProject
Project("{8BC9CEB8-8B4A-11D0-8D11-00A0C91BC942}") = "dsh", "dsh.vcxproj", "{CB1933DD-B43B-3015-8E59-02774B31E15C}"
	ProjectSection(ProjectDependencies) = postProject
		{7F02CDBC-261A-36FF-A545-C5BD4D00DF58} = {7F02CDBC-261A-36FF-A545-C5BD4D00DF58}
	EndProjectSection
EndProject
Global
	GlobalSection(SolutionConfigurationPlatforms) = preSolution
		Debug|x64 = Debug|x64
		Release|x64 = Release|x64
		MinSizeRel|x64 = MinSizeRel|x64
		RelWithDebInfo|x64 = RelWithDebInfo|x64
	EndGlobalSection
	GlobalSection(ProjectConfigurationPlatforms) = postSolution
		{8CD700BF-8070-33D5-A627-E75B671648EF}.Debug|x64.ActiveCfg = Debug|x64
		{8CD700BF-8070-33D5-A627-E75B671648EF}.Release|x64.ActiveCfg = Release|x64
		{8CD700BF-8070-33D5-A627-E75B671648EF}.MinSizeRel|x64.ActiveCfg = MinSizeRel|x64
		{8CD700BF-8070-33D5-A627-E75B671648EF}.RelWithDebInfo|x64.ActiveCfg = RelWithDebInfo|x64
		{7F02CDBC-261A-36FF-A545-C5BD4D00DF58}.Debug|x64.ActiveCfg = Debug|x64
		{7F02CDBC-261A-36FF-A545-C5BD4D00DF58}.Debug|x64.Build.0 = Debug|x64
		{7F02CDBC-261A-36FF-A545-C5BD4D00DF58}.Release|x64.ActiveCfg = Release|x64
		{7F02CDBC-261A-36FF-A545-C5BD4D00DF58}.Release|x64.Build.0 = Release|x64
		{7F02CDBC-261A-36FF-A545-C5BD4D00DF58}.MinSizeRel|x64.ActiveCfg = MinSizeRel|x64
		{7F02CDBC-261A-36FF-A545-C5BD4D00DF58}.MinSizeRel|x64.Build.0 = MinSizeRel|x64
		{7F02CDBC-261A-36FF-A545-C5BD4D00DF58}.RelWithDebInfo|x64.ActiveCfg = RelWithDebInfo|x64
		{7F02CDBC-261A-36FF-A545-C5BD4D00DF58}.RelWithDebInfo|x64.Build.0 = RelWithDebInfo|x64
		{CB1933DD-B43B-3015-8E59-02774B31E15C}.Debug|x64.ActiveCfg = Debug|x64
		{CB1933DD-B43B-3015-8E59-02774B31E15C}.Debug|x64.Build.0 = Debug|x64
		{CB1933DD-B43B-3015-8E59-02774B31E15C}.Release|x64.ActiveCfg = Release|x64
		{CB1933DD-B43B-3015-8E59-02774B31E15C}.Release|x64.Build.0 = Release|x64
		{CB1933DD-B43B-3015-8E59-02774B31E15C}.MinSizeRel|x64.ActiveCfg = MinSizeRel|x64
		{CB1933DD-B43B-3015-8E59-02774B31E15C}.MinSizeRel|x64.Build.0 = MinSizeRel|x64
		{CB1933DD-B43B-3015-8E59-02774B31E15C}.RelWithDebInfo|x64.ActiveCfg = RelWithDebInfo|x64
		{CB1933DD-B43B-3015-8E59-02774B31E15C}.RelWithDebInfo|x64.Build.0 = RelWithDebInfo|x64
	EndGlobalSection
	GlobalSection(ExtensibilityGlobals) = postSolution
		SolutionGuid = {8BAC8C14-32B4-3385-801F-8AB7A85AE925}
	EndGlobalSection
	GlobalSection(ExtensibilityAddIns) = postSolution
	EndGlobalSection
EndGlobal
